
Microsoft Visual Studio Solution File, Format Version 12.00
# Visual Studio Version 16
VisualStudioVersion = 16.0.30503.244
MinimumVisualStudioVersion = 10.0.40219.1
Project("{FAE04EC0-301F-11D3-BF4B-00C04F79EFBC}") = "PalMercaditoApp", "PalMercaditoApp\PalMercaditoApp.csproj", "{3171985A-C3AC-484B-914F-D3F148AACAFF}"
EndProject
Global
	GlobalSection(SolutionConfigurationPlatforms) = preSolution
		Debug|Any CPU = Debug|Any CPU
		Release|Any CPU = Release|Any CPU
	EndGlobalSection
	GlobalSection(ProjectConfigurationPlatforms) = postSolution
		{3171985A-C3AC-484B-914F-D3F148AACAFF}.Debug|Any CPU.ActiveCfg = Debug|Any CPU
		{3171985A-C3AC-484B-914F-D3F148AACAFF}.Debug|Any CPU.Build.0 = Debug|Any CPU
		{3171985A-C3AC-484B-914F-D3F148AACAFF}.Release|Any CPU.ActiveCfg = Release|Any CPU
		{3171985A-C3AC-484B-914F-D3F148AACAFF}.Release|Any CPU.Build.0 = Release|Any CPU
	EndGlobalSection
	GlobalSection(SolutionProperties) = preSolution
		HideSolutionNode = FALSE
	EndGlobalSection
	GlobalSection(ExtensibilityGlobals) = postSolution
		SolutionGuid = {9F8C0220-B47D-4054-AC91-C18EF6A332D3}
	EndGlobalSection
EndGlobal
